
Microsoft Visual Studio Solution File, Format Version 12.00
# Visual Studio Version 17
VisualStudioVersion = 17.9.34622.214
MinimumVisualStudioVersion = 10.0.40219.1
Project("{9A19103F-16F7-4668-BE54-9A1E7A4F7556}") = "BLL", "BLL\BLL.csproj", "{ACD10E3D-6049-43F1-8A4D-EB604AE93E25}"
EndProject
Project("{9A19103F-16F7-4668-BE54-9A1E7A4F7556}") = "StoreStatistics", "StoreStatistics\StoreStatistics.csproj", "{CF720080-86B1-401C-A423-6BF1B2F09711}"
EndProject
Project("{9A19103F-16F7-4668-BE54-9A1E7A4F7556}") = "Dal", "Dal\Dal.csproj", "{27C73034-C611-4CAF-95FD-1C8211A7D41E}"
EndProject
Global
	GlobalSection(SolutionConfigurationPlatforms) = preSolution
		Debug|Any CPU = Debug|Any CPU
		Release|Any CPU = Release|Any CPU
	EndGlobalSection
	GlobalSection(ProjectConfigurationPlatforms) = postSolution
		{ACD10E3D-6049-43F1-8A4D-EB604AE93E25}.Debug|Any CPU.ActiveCfg = Debug|Any CPU
		{ACD10E3D-6049-43F1-8A4D-EB604AE93E25}.Debug|Any CPU.Build.0 = Debug|Any CPU
		{ACD10E3D-6049-43F1-8A4D-EB604AE93E25}.Release|Any CPU.ActiveCfg = Release|Any CPU
		{ACD10E3D-6049-43F1-8A4D-EB604AE93E25}.Release|Any CPU.Build.0 = Release|Any CPU
		{CF720080-86B1-401C-A423-6BF1B2F09711}.Debug|Any CPU.ActiveCfg = Debug|Any CPU
		{CF720080-86B1-401C-A423-6BF1B2F09711}.Debug|Any CPU.Build.0 = Debug|Any CPU
		{CF720080-86B1-401C-A423-6BF1B2F09711}.Release|Any CPU.ActiveCfg = Release|Any CPU
		{CF720080-86B1-401C-A423-6BF1B2F09711}.Release|Any CPU.Build.0 = Release|Any CPU
		{27C73034-C611-4CAF-95FD-1C8211A7D41E}.Debug|Any CPU.ActiveCfg = Debug|Any CPU
		{27C73034-C611-4CAF-95FD-1C8211A7D41E}.Debug|Any CPU.Build.0 = Debug|Any CPU
		{27C73034-C611-4CAF-95FD-1C8211A7D41E}.Release|Any CPU.ActiveCfg = Release|Any CPU
		{27C73034-C611-4CAF-95FD-1C8211A7D41E}.Release|Any CPU.Build.0 = Release|Any CPU
	EndGlobalSection
	GlobalSection(SolutionProperties) = preSolution
		HideSolutionNode = FALSE
	EndGlobalSection
	GlobalSection(ExtensibilityGlobals) = postSolution
		SolutionGuid = {E49F8BAA-D6C8-4149-93F8-F5F954257490}
	EndGlobalSection
EndGlobal
